
Microsoft Visual Studio Solution File, Format Version 12.00
# Visual Studio Version 17
VisualStudioVersion = 17.11.35303.130
MinimumVisualStudioVersion = 10.0.40219.1
Project("{FAE04EC0-301F-11D3-BF4B-00C04F79EFBC}") = "01-Exercicio", "01-Exercicio\01-Exercicio.csproj", "{1997CD90-114B-48D6-B716-9F9E69893CB8}"
EndProject
Global
	GlobalSection(SolutionConfigurationPlatforms) = preSolution
		Debug|Any CPU = Debug|Any CPU
		Release|Any CPU = Release|Any CPU
	EndGlobalSection
	GlobalSection(ProjectConfigurationPlatforms) = postSolution
		{1997CD90-114B-48D6-B716-9F9E69893CB8}.Debug|Any CPU.ActiveCfg = Debug|Any CPU
		{1997CD90-114B-48D6-B716-9F9E69893CB8}.Debug|Any CPU.Build.0 = Debug|Any CPU
		{1997CD90-114B-48D6-B716-9F9E69893CB8}.Release|Any CPU.ActiveCfg = Release|Any CPU
		{1997CD90-114B-48D6-B716-9F9E69893CB8}.Release|Any CPU.Build.0 = Release|Any CPU
	EndGlobalSection
	GlobalSection(SolutionProperties) = preSolution
		HideSolutionNode = FALSE
	EndGlobalSection
	GlobalSection(ExtensibilityGlobals) = postSolution
		SolutionGuid = {FA93D30C-1EAD-4489-9C48-371E6821E7BE}
	EndGlobalSection
EndGlobal
